
Microsoft Visual Studio Solution File, Format Version 12.00
# Visual Studio Version 16
VisualStudioVersion = 16.0.30011.22
MinimumVisualStudioVersion = 10.0.40219.1
Project("{FAE04EC0-301F-11D3-BF4B-00C04F79EFBC}") = "CLBS", "CLBS\CLBS.csproj", "{1807B232-8482-4EF5-B0EF-D9FFDBEE0EA7}"
EndProject
Project("{FAE04EC0-301F-11D3-BF4B-00C04F79EFBC}") = "APIUnitTest", "APIUnitTest\APIUnitTest.csproj", "{95BC2BEE-39BA-47A1-B89C-2E5747872429}"
EndProject
Global
	GlobalSection(SolutionConfigurationPlatforms) = preSolution
		Debug|Any CPU = Debug|Any CPU
		Release|Any CPU = Release|Any CPU
	EndGlobalSection
	GlobalSection(ProjectConfigurationPlatforms) = postSolution
		{1807B232-8482-4EF5-B0EF-D9FFDBEE0EA7}.Debug|Any CPU.ActiveCfg = Debug|Any CPU
		{1807B232-8482-4EF5-B0EF-D9FFDBEE0EA7}.Debug|Any CPU.Build.0 = Debug|Any CPU
		{1807B232-8482-4EF5-B0EF-D9FFDBEE0EA7}.Release|Any CPU.ActiveCfg = Release|Any CPU
		{1807B232-8482-4EF5-B0EF-D9FFDBEE0EA7}.Release|Any CPU.Build.0 = Release|Any CPU
		{95BC2BEE-39BA-47A1-B89C-2E5747872429}.Debug|Any CPU.ActiveCfg = Debug|Any CPU
		{95BC2BEE-39BA-47A1-B89C-2E5747872429}.Debug|Any CPU.Build.0 = Debug|Any CPU
		{95BC2BEE-39BA-47A1-B89C-2E5747872429}.Release|Any CPU.ActiveCfg = Release|Any CPU
		{95BC2BEE-39BA-47A1-B89C-2E5747872429}.Release|Any CPU.Build.0 = Release|Any CPU
	EndGlobalSection
	GlobalSection(SolutionProperties) = preSolution
		HideSolutionNode = FALSE
	EndGlobalSection
	GlobalSection(ExtensibilityGlobals) = postSolution
		SolutionGuid = {537FF9D1-AC56-4BE0-908E-AF23CC1B834F}
	EndGlobalSection
EndGlobal
